
Microsoft Visual Studio Solution File, Format Version 12.00
# Visual Studio 15
VisualStudioVersion = 15.0.28307.271
MinimumVisualStudioVersion = 10.0.40219.1
Project("{FAE04EC0-301F-11D3-BF4B-00C04F79EFBC}") = "EProv_Del2_GustavJonsson", "EProv_Del2_GustavJonsson\EProv_Del2_GustavJonsson.csproj", "{CF330177-F575-4B4C-AEE1-21FDB04FBA05}"
EndProject
Global
	GlobalSection(SolutionConfigurationPlatforms) = preSolution
		Debug|Any CPU = Debug|Any CPU
		Release|Any CPU = Release|Any CPU
	EndGlobalSection
	GlobalSection(ProjectConfigurationPlatforms) = postSolution
		{CF330177-F575-4B4C-AEE1-21FDB04FBA05}.Debug|Any CPU.ActiveCfg = Debug|Any CPU
		{CF330177-F575-4B4C-AEE1-21FDB04FBA05}.Debug|Any CPU.Build.0 = Debug|Any CPU
		{CF330177-F575-4B4C-AEE1-21FDB04FBA05}.Release|Any CPU.ActiveCfg = Release|Any CPU
		{CF330177-F575-4B4C-AEE1-21FDB04FBA05}.Release|Any CPU.Build.0 = Release|Any CPU
	EndGlobalSection
	GlobalSection(SolutionProperties) = preSolution
		HideSolutionNode = FALSE
	EndGlobalSection
	GlobalSection(ExtensibilityGlobals) = postSolution
		SolutionGuid = {54D4E5BD-2251-4FC9-9985-55A9DF283B10}
	EndGlobalSection
EndGlobal
